// !$*UTF8*$!
{
	archiveVersion = 1;
	classes = {
	};
	objectVersion = 52;
	objects = {

/* Begin PBXBuildFile section */
		5D401B1823EC50650072D05A /* AppDelegate.swift in Sources */ = {isa = PBXBuildFile; fileRef = 5D401B1723EC50650072D05A /* AppDelegate.swift */; };
		5D401B1A23EC50650072D05A /* SceneDelegate.swift in Sources */ = {isa = PBXBuildFile; fileRef = 5D401B1923EC50650072D05A /* SceneDelegate.swift */; };
		5D401B1C23EC50650072D05A /* ContentView.swift in Sources */ = {isa = PBXBuildFile; fileRef = 5D401B1B23EC50650072D05A /* ContentView.swift */; };
		5D401B1E23EC50670072D05A /* Assets.xcassets in Resources */ = {isa = PBXBuildFile; fileRef = 5D401B1D23EC50670072D05A /* Assets.xcassets */; };
		5D401B2123EC50670072D05A /* Preview Assets.xcassets in Resources */ = {isa = PBXBuildFile; fileRef = 5D401B2023EC50670072D05A /* Preview Assets.xcassets */; };
		5D401B2423EC50670072D05A /* LaunchScreen.storyboard in Resources */ = {isa = PBXBuildFile; fileRef = 5D401B2223EC50670072D05A /* LaunchScreen.storyboard */; };
		5D401B2E23EC512E0072D05A /* GraphView in Frameworks */ = {isa = PBXBuildFile; productRef = 5D401B2D23EC512E0072D05A /* GraphView */; };
/* End PBXBuildFile section */

/* Begin PBXFileReference section */
		5D401B1423EC50650072D05A /* GraphViewExample.app */ = {isa = PBXFileReference; explicitFileType = wrapper.application; includeInIndex = 0; path = GraphViewExample.app; sourceTree = BUILT_PRODUCTS_DIR; };
		5D401B1723EC50650072D05A /* AppDelegate.swift */ = {isa = PBXFileReference; lastKnownFileType = sourcecode.swift; path = AppDelegate.swift; sourceTree = "<group>"; };
		5D401B1923EC50650072D05A /* SceneDelegate.swift */ = {isa = PBXFileReference; lastKnownFileType = sourcecode.swift; path = SceneDelegate.swift; sourceTree = "<group>"; };
		5D401B1B23EC50650072D05A /* ContentView.swift */ = {isa = PBXFileReference; lastKnownFileType = sourcecode.swift; path = ContentView.swift; sourceTree = "<group>"; };
		5D401B1D23EC50670072D05A /* Assets.xcassets */ = {isa = PBXFileReference; lastKnownFileType = folder.assetcatalog; path = Assets.xcassets; sourceTree = "<group>"; };
		5D401B2023EC50670072D05A /* Preview Assets.xcassets */ = {isa = PBXFileReference; lastKnownFileType = folder.assetcatalog; path = "Preview Assets.xcassets"; sourceTree = "<group>"; };
		5D401B2323EC50670072D05A /* Base */ = {isa = PBXFileReference; lastKnownFileType = file.storyboard; name = Base; path = Base.lproj/LaunchScreen.storyboard; sourceTree = "<group>"; };
		5D401B2523EC50670072D05A /* Info.plist */ = {isa = PBXFileReference; lastKnownFileType = text.plist.xml; path = Info.plist; sourceTree = "<group>"; };
		5D401B2B23EC50C90072D05A /* SwiftUI-GraphView */ = {isa = PBXFileReference; lastKnownFileType = folder; name = "SwiftUI-GraphView"; path = ..; sourceTree = "<group>"; };
/* End PBXFileReference section */

/* Begin PBXFrameworksBuildPhase section */
		5D401B1123EC50650072D05A /* Frameworks */ = {
			isa = PBXFrameworksBuildPhase;
			buildActionMask = 2147483647;
			files = (
				5D401B2E23EC512E0072D05A /* GraphView in Frameworks */,
			);
			runOnlyForDeploymentPostprocessing = 0;
		};
/* End PBXFrameworksBuildPhase section */

/* Begin PBXGroup section */
		5D401B0B23EC50650072D05A = {
			isa = PBXGroup;
			children = (
				5D401B1623EC50650072D05A /* GraphViewExample */,
				5D401B1523EC50650072D05A /* Products */,
				5D401B2B23EC50C90072D05A /* SwiftUI-GraphView */,
			);
			sourceTree = "<group>";
		};
		5D401B1523EC50650072D05A /* Products */ = {
			isa = PBXGroup;
			children = (
				5D401B1423EC50650072D05A /* GraphViewExample.app */,
			);
			name = Products;
			sourceTree = "<group>";
		};
		5D401B1623EC50650072D05A /* GraphViewExample */ = {
			isa = PBXGroup;
			children = (
				5D401B1723EC50650072D05A /* AppDelegate.swift */,
				5D401B1923EC50650072D05A /* SceneDelegate.swift */,
				5D401B1B23EC50650072D05A /* ContentView.swift */,
				5D401B1D23EC50670072D05A /* Assets.xcassets */,
				5D401B2223EC50670072D05A /* LaunchScreen.storyboard */,
				5D401B2523EC50670072D05A /* Info.plist */,
				5D401B1F23EC50670072D05A /* Preview Content */,
			);
			path = GraphViewExample;
			sourceTree = "<group>";
		};
		5D401B1F23EC50670072D05A /* Preview Content */ = {
			isa = PBXGroup;
			children = (
				5D401B2023EC50670072D05A /* Preview Assets.xcassets */,
			);
			path = "Preview Content";
			sourceTree = "<group>";
		};
/* End PBXGroup section */

/* Begin PBXNativeTarget section */
		5D401B1323EC50650072D05A /* GraphViewExample */ = {
			isa = PBXNativeTarget;
			buildConfigurationList = 5D401B2823EC50670072D05A /* Build configuration list for PBXNativeTarget "GraphViewExample" */;
			buildPhases = (
				5D401B1023EC50650072D05A /* Sources */,
				5D401B1123EC50650072D05A /* Frameworks */,
				5D401B1223EC50650072D05A /* Resources */,
			);
			buildRules = (
			);
			dependencies = (
			);
			name = GraphViewExample;
			packageProductDependencies = (
				5D401B2D23EC512E0072D05A /* GraphView */,
			);
			productName = GraphViewExample;
			productReference = 5D401B1423EC50650072D05A /* GraphViewExample.app */;
			productType = "com.apple.product-type.application";
		};
/* End PBXNativeTarget section */

/* Begin PBXProject section */
		5D401B0C23EC50650072D05A /* Project object */ = {
			isa = PBXProject;
			attributes = {
				LastSwiftUpdateCheck = 1130;
				LastUpgradeCheck = 1130;
				ORGANIZATIONNAME = "Roving Mobile";
				TargetAttributes = {
					5D401B1323EC50650072D05A = {
						CreatedOnToolsVersion = 11.3.1;
					};
				};
			};
			buildConfigurationList = 5D401B0F23EC50650072D05A /* Build configuration list for PBXProject "GraphViewExample" */;
			compatibilityVersion = "Xcode 9.3";
			developmentRegion = en;
			hasScannedForEncodings = 0;
			knownRegions = (
				en,
				Base,
			);
			mainGroup = 5D401B0B23EC50650072D05A;
			packageReferences = (
				5D401B2C23EC512E0072D05A /* XCRemoteSwiftPackageReference "SwiftUI-GraphView" */,
			);
			productRefGroup = 5D401B1523EC50650072D05A /* Products */;
			projectDirPath = "";
			projectRoot = "";
			targets = (
				5D401B1323EC50650072D05A /* GraphViewExample */,
			);
		};
/* End PBXProject section */

/* Begin PBXResourcesBuildPhase section */
		5D401B1223EC50650072D05A /* Resources */ = {
			isa = PBXResourcesBuildPhase;
			buildActionMask = 2147483647;
			files = (
				5D401B2423EC50670072D05A /* LaunchScreen.storyboard in Resources */,
				5D401B2123EC50670072D05A /* Preview Assets.xcassets in Resources */,
				5D401B1E23EC50670072D05A /* Assets.xcassets in Resources */,
			);
			runOnlyForDeploymentPostprocessing = 0;
		};
/* End PBXResourcesBuildPhase section */

/* Begin PBXSourcesBuildPhase section */
		5D401B1023EC50650072D05A /* Sources */ = {
			isa = PBXSourcesBuildPhase;
			buildActionMask = 2147483647;
			files = (
				5D401B1823EC50650072D05A /* AppDelegate.swift in Sources */,
				5D401B1A23EC50650072D05A /* SceneDelegate.swift in Sources */,
				5D401B1C23EC50650072D05A /* ContentView.swift in Sources */,
			);
			runOnlyForDeploymentPostprocessing = 0;
		};
/* End PBXSourcesBuildPhase section */

/* Begin PBXVariantGroup section */
		5D401B2223EC50670072D05A /* LaunchScreen.storyboard */ = {
			isa = PBXVariantGroup;
			children = (
				5D401B2323EC50670072D05A /* Base */,
			);
			name = LaunchScreen.storyboard;
			sourceTree = "<group>";
		};
/* End PBXVariantGroup section */

/* Begin XCBuildConfiguration section */
		5D401B2623EC50670072D05A /* Debug */ = {
			isa = XCBuildConfiguration;
			buildSettings = {
				ALWAYS_SEARCH_USER_PATHS = NO;
				CLANG_ANALYZER_NONNULL = YES;
				CLANG_ANALYZER_NUMBER_OBJECT_CONVERSION = YES_AGGRESSIVE;
				CLANG_CXX_LANGUAGE_STANDARD = "gnu++14";
				CLANG_CXX_LIBRARY = "libc++";
				CLANG_ENABLE_MODULES = YES;
				CLANG_ENABLE_OBJC_ARC = YES;
				CLANG_ENABLE_OBJC_WEAK = YES;
				CLANG_WARN_BLOCK_CAPTURE_AUTORELEASING = YES;
				CLANG_WARN_BOOL_CONVERSION = YES;
				CLANG_WARN_COMMA = YES;
				CLANG_WARN_CONSTANT_CONVERSION = YES;
				CLANG_WARN_DEPRECATED_OBJC_IMPLEMENTATIONS = YES;
				CLANG_WARN_DIRECT_OBJC_ISA_USAGE = YES_ERROR;
				CLANG_WARN_DOCUMENTATION_COMMENTS = YES;
				CLANG_WARN_EMPTY_BODY = YES;
				CLANG_WARN_ENUM_CONVERSION = YES;
				CLANG_WARN_INFINITE_RECURSION = YES;
				CLANG_WARN_INT_CONVERSION = YES;
				CLANG_WARN_NON_LITERAL_NULL_CONVERSION = YES;
				CLANG_WARN_OBJC_IMPLICIT_RETAIN_SELF = YES;
				CLANG_WARN_OBJC_LITERAL_CONVERSION = YES;
				CLANG_WARN_OBJC_ROOT_CLASS = YES_ERROR;
				CLANG_WARN_RANGE_LOOP_ANALYSIS = YES;
				CLANG_WARN_STRICT_PROTOTYPES = YES;
				CLANG_WARN_SUSPICIOUS_MOVE = YES;
				CLANG_WARN_UNGUARDED_AVAILABILITY = YES_AGGRESSIVE;
				CLANG_WARN_UNREACHABLE_CODE = YES;
				CLANG_WARN__DUPLICATE_METHOD_MATCH = YES;
				COPY_PHASE_STRIP = NO;
				DEBUG_INFORMATION_FORMAT = dwarf;
				ENABLE_STRICT_OBJC_MSGSEND = YES;
				ENABLE_TESTABILITY = YES;
				GCC_C_LANGUAGE_STANDARD = gnu11;
				GCC_DYNAMIC_NO_PIC = NO;
				GCC_NO_COMMON_BLOCKS = YES;
				GCC_OPTIMIZATION_LEVEL = 0;
				GCC_PREPROCESSOR_DEFINITIONS = (
					"DEBUG=1",
					"$(inherited)",
				);
				GCC_WARN_64_TO_32_BIT_CONVERSION = YES;
				GCC_WARN_ABOUT_RETURN_TYPE = YES_ERROR;
				GCC_WARN_UNDECLARED_SELECTOR = YES;
				GCC_WARN_UNINITIALIZED_AUTOS = YES_AGGRESSIVE;
				GCC_WARN_UNUSED_FUNCTION = YES;
				GCC_WARN_UNUSED_VARIABLE = YES;
				IPHONEOS_DEPLOYMENT_TARGET = 13.2;
				MTL_ENABLE_DEBUG_INFO = INCLUDE_SOURCE;
				MTL_FAST_MATH = YES;
				ONLY_ACTIVE_ARCH = YES;
				SDKROOT = iphoneos;
				SWIFT_ACTIVE_COMPILATION_CONDITIONS = DEBUG;
				SWIFT_OPTIMIZATION_LEVEL = "-Onone";
			};
			name = Debug;
		};
		5D401B2723EC50670072D05A /* Release */ = {
			isa = XCBuildConfiguration;
			buildSettings = {
				ALWAYS_SEARCH_USER_PATHS = NO;
				CLANG_ANALYZER_NONNULL = YES;
				CLANG_ANALYZER_NUMBER_OBJECT_CONVERSION = YES_AGGRESSIVE;
				CLANG_CXX_LANGUAGE_STANDARD = "gnu++14";
				CLANG_CXX_LIBRARY = "libc++";
				CLANG_ENABLE_MODULES = YES;
				CLANG_ENABLE_OBJC_ARC = YES;
				CLANG_ENABLE_OBJC_WEAK = YES;
				CLANG_WARN_BLOCK_CAPTURE_AUTORELEASING = YES;
				CLANG_WARN_BOOL_CONVERSION = YES;
				CLANG_WARN_COMMA = YES;
				CLANG_WARN_CONSTANT_CONVERSION = YES;
				CLANG_WARN_DEPRECATED_OBJC_IMPLEMENTATIONS = YES;
				CLANG_WARN_DIRECT_OBJC_ISA_USAGE = YES_ERROR;
				CLANG_WARN_DOCUMENTATION_COMMENTS = YES;
				CLANG_WARN_EMPTY_BODY = YES;
				CLANG_WARN_ENUM_CONVERSION = YES;
				CLANG_WARN_INFINITE_RECURSION = YES;
				CLANG_WARN_INT_CONVERSION = YES;
				CLANG_WARN_NON_LITERAL_NULL_CONVERSION = YES;
				CLANG_WARN_OBJC_IMPLICIT_RETAIN_SELF = YES;
				CLANG_WARN_OBJC_LITERAL_CONVERSION = YES;
				CLANG_WARN_OBJC_ROOT_CLASS = YES_ERROR;
				CLANG_WARN_RANGE_LOOP_ANALYSIS = YES;
				CLANG_WARN_STRICT_PROTOTYPES = YES;
				CLANG_WARN_SUSPICIOUS_MOVE = YES;
				CLANG_WARN_UNGUARDED_AVAILABILITY = YES_AGGRESSIVE;
				CLANG_WARN_UNREACHABLE_CODE = YES;
				CLANG_WARN__DUPLICATE_METHOD_MATCH = YES;
				COPY_PHASE_STRIP = NO;
				DEBUG_INFORMATION_FORMAT = "dwarf-with-dsym";
				ENABLE_NS_ASSERTIONS = NO;
				ENABLE_STRICT_OBJC_MSGSEND = YES;
				GCC_C_LANGUAGE_STANDARD = gnu11;
				GCC_NO_COMMON_BLOCKS = YES;
				GCC_WARN_64_TO_32_BIT_CONVERSION = YES;
				GCC_WARN_ABOUT_RETURN_TYPE = YES_ERROR;
				GCC_WARN_UNDECLARED_SELECTOR = YES;
				GCC_WARN_UNINITIALIZED_AUTOS = YES_AGGRESSIVE;
				GCC_WARN_UNUSED_FUNCTION = YES;
				GCC_WARN_UNUSED_VARIABLE = YES;
				IPHONEOS_DEPLOYMENT_TARGET = 13.2;
				MTL_ENABLE_DEBUG_INFO = NO;
				MTL_FAST_MATH = YES;
				SDKROOT = iphoneos;
				SWIFT_COMPILATION_MODE = wholemodule;
				SWIFT_OPTIMIZATION_LEVEL = "-O";
				VALIDATE_PRODUCT = YES;
			};
			name = Release;
		};
		5D401B2923EC50670072D05A /* Debug */ = {
			isa = XCBuildConfiguration;
			buildSettings = {
				ASSETCATALOG_COMPILER_APPICON_NAME = AppIcon;
				CODE_SIGN_STYLE = Automatic;
				DEVELOPMENT_ASSET_PATHS = "\"GraphViewExample/Preview Content\"";
				DEVELOPMENT_TEAM = JCM3ZMDL4E;
				ENABLE_PREVIEWS = YES;
				INFOPLIST_FILE = GraphViewExample/Info.plist;
				LD_RUNPATH_SEARCH_PATHS = (
					"$(inherited)",
					"@executable_path/Frameworks",
				);
				PRODUCT_BUNDLE_IDENTIFIER = com.rovingmobile.GraphViewExample;
				PRODUCT_NAME = "$(TARGET_NAME)";
				SWIFT_VERSION = 5.0;
				TARGETED_DEVICE_FAMILY = "1,2";
			};
			name = Debug;
		};
		5D401B2A23EC50670072D05A /* Release */ = {
			isa = XCBuildConfiguration;
			buildSettings = {
				ASSETCATALOG_COMPILER_APPICON_NAME = AppIcon;
				CODE_SIGN_STYLE = Automatic;
				DEVELOPMENT_ASSET_PATHS = "\"GraphViewExample/Preview Content\"";
				DEVELOPMENT_TEAM = JCM3ZMDL4E;
				ENABLE_PREVIEWS = YES;
				INFOPLIST_FILE = GraphViewExample/Info.plist;
				LD_RUNPATH_SEARCH_PATHS = (
					"$(inherited)",
					"@executable_path/Frameworks",
				);
				PRODUCT_BUNDLE_IDENTIFIER = com.rovingmobile.GraphViewExample;
				PRODUCT_NAME = "$(TARGET_NAME)";
				SWIFT_VERSION = 5.0;
				TARGETED_DEVICE_FAMILY = "1,2";
			};
			name = Release;
		};
/* End XCBuildConfiguration section */

/* Begin XCConfigurationList section */
		5D401B0F23EC50650072D05A /* Build configuration list for PBXProject "GraphViewExample" */ = {
			isa = XCConfigurationList;
			buildConfigurations = (
				5D401B2623EC50670072D05A /* Debug */,
				5D401B2723EC50670072D05A /* Release */,
			);
			defaultConfigurationIsVisible = 0;
			defaultConfigurationName = Release;
		};
		5D401B2823EC50670072D05A /* Build configuration list for PBXNativeTarget "GraphViewExample" */ = {
			isa = XCConfigurationList;
			buildConfigurations = (
				5D401B2923EC50670072D05A /* Debug */,
				5D401B2A23EC50670072D05A /* Release */,
			);
			defaultConfigurationIsVisible = 0;
			defaultConfigurationName = Release;
		};
/* End XCConfigurationList section */

/* Begin XCRemoteSwiftPackageReference section */
		5D401B2C23EC512E0072D05A /* XCRemoteSwiftPackageReference "SwiftUI-GraphView" */ = {
			isa = XCRemoteSwiftPackageReference;
			repositoryURL = "https://github.com/gkchristopher/SwiftUI-GraphView.git";
			requirement = {
				branch = master;
				kind = branch;
			};
		};
/* End XCRemoteSwiftPackageReference section */

/* Begin XCSwiftPackageProductDependency section */
		5D401B2D23EC512E0072D05A /* GraphView */ = {
			isa = XCSwiftPackageProductDependency;
			package = 5D401B2C23EC512E0072D05A /* XCRemoteSwiftPackageReference "SwiftUI-GraphView" */;
			productName = GraphView;
		};
/* End XCSwiftPackageProductDependency section */
	};
	rootObject = 5D401B0C23EC50650072D05A /* Project object */;
}
